
Microsoft Visual Studio Solution File, Format Version 12.00
# Visual Studio Version 17
VisualStudioVersion = 17.9.34701.34
MinimumVisualStudioVersion = 10.0.40219.1
Project("{FAE04EC0-301F-11D3-BF4B-00C04F79EFBC}") = "AttendanceAPI", "AttendanceAPI\AttendanceAPI.csproj", "{F15A39E5-9B62-4922-B2E8-7733E14CFCFF}"
EndProject
Global
	GlobalSection(SolutionConfigurationPlatforms) = preSolution
		Debug|Any CPU = Debug|Any CPU
		Release|Any CPU = Release|Any CPU
	EndGlobalSection
	GlobalSection(ProjectConfigurationPlatforms) = postSolution
		{F15A39E5-9B62-4922-B2E8-7733E14CFCFF}.Debug|Any CPU.ActiveCfg = Debug|Any CPU
		{F15A39E5-9B62-4922-B2E8-7733E14CFCFF}.Debug|Any CPU.Build.0 = Debug|Any CPU
		{F15A39E5-9B62-4922-B2E8-7733E14CFCFF}.Release|Any CPU.ActiveCfg = Release|Any CPU
		{F15A39E5-9B62-4922-B2E8-7733E14CFCFF}.Release|Any CPU.Build.0 = Release|Any CPU
	EndGlobalSection
	GlobalSection(SolutionProperties) = preSolution
		HideSolutionNode = FALSE
	EndGlobalSection
	GlobalSection(ExtensibilityGlobals) = postSolution
		SolutionGuid = {58075390-D6A8-42CF-A600-C1D2FBDA4212}
	EndGlobalSection
EndGlobal
